
Microsoft Visual Studio Solution File, Format Version 12.00
# Visual Studio Version 17
VisualStudioVersion = 17.0.32014.148
MinimumVisualStudioVersion = 10.0.40219.1
Project("{FAE04EC0-301F-11D3-BF4B-00C04F79EFBC}") = "LinkedList1", "CustomLinkedList\LinkedList1.csproj", "{3BEA3D43-EBA8-4DCE-A987-4A44E4920640}"
EndProject
Global
	GlobalSection(SolutionConfigurationPlatforms) = preSolution
		Debug|Any CPU = Debug|Any CPU
		Release|Any CPU = Release|Any CPU
	EndGlobalSection
	GlobalSection(ProjectConfigurationPlatforms) = postSolution
		{3BEA3D43-EBA8-4DCE-A987-4A44E4920640}.Debug|Any CPU.ActiveCfg = Debug|Any CPU
		{3BEA3D43-EBA8-4DCE-A987-4A44E4920640}.Debug|Any CPU.Build.0 = Debug|Any CPU
		{3BEA3D43-EBA8-4DCE-A987-4A44E4920640}.Release|Any CPU.ActiveCfg = Release|Any CPU
		{3BEA3D43-EBA8-4DCE-A987-4A44E4920640}.Release|Any CPU.Build.0 = Release|Any CPU
	EndGlobalSection
	GlobalSection(SolutionProperties) = preSolution
		HideSolutionNode = FALSE
	EndGlobalSection
	GlobalSection(ExtensibilityGlobals) = postSolution
		SolutionGuid = {EE8DEEA0-2FFE-44E3-9729-CD43BFA810D7}
	EndGlobalSection
EndGlobal
